
Microsoft Visual Studio Solution File, Format Version 12.00
# Visual Studio Version 16
VisualStudioVersion = 16.0.31005.135
MinimumVisualStudioVersion = 10.0.40219.1
Project("{9A19103F-16F7-4668-BE54-9A1E7A4F7556}") = "ShopBridgeModels", "ShopBridgeModels\ShopBridgeModels.csproj", "{D2CAEF0B-65F8-41F4-BC0D-BF9CEA419362}"
EndProject
Project("{9A19103F-16F7-4668-BE54-9A1E7A4F7556}") = "ShopBridgeApi", "ShopBridgeApi\ShopBridgeApi.csproj", "{A4671D38-D28B-4A17-AF77-C631092A485E}"
EndProject
Project("{9A19103F-16F7-4668-BE54-9A1E7A4F7556}") = "ShopBridgeWeb", "ShopBridgeWeb\ShopBridgeWeb.csproj", "{CA4E163B-0685-40C9-BA42-3ED3C4D84DAA}"
EndProject
Project("{9A19103F-16F7-4668-BE54-9A1E7A4F7556}") = "ShopBridgeApiTest", "ShopBridgeApiTest\ShopBridgeApiTest.csproj", "{6EA0382A-372E-49C3-AB2F-72A28F0F79F9}"
EndProject
Global
	GlobalSection(SolutionConfigurationPlatforms) = preSolution
		Debug|Any CPU = Debug|Any CPU
		Release|Any CPU = Release|Any CPU
	EndGlobalSection
	GlobalSection(ProjectConfigurationPlatforms) = postSolution
		{D2CAEF0B-65F8-41F4-BC0D-BF9CEA419362}.Debug|Any CPU.ActiveCfg = Debug|Any CPU
		{D2CAEF0B-65F8-41F4-BC0D-BF9CEA419362}.Debug|Any CPU.Build.0 = Debug|Any CPU
		{D2CAEF0B-65F8-41F4-BC0D-BF9CEA419362}.Release|Any CPU.ActiveCfg = Release|Any CPU
		{D2CAEF0B-65F8-41F4-BC0D-BF9CEA419362}.Release|Any CPU.Build.0 = Release|Any CPU
		{A4671D38-D28B-4A17-AF77-C631092A485E}.Debug|Any CPU.ActiveCfg = Debug|Any CPU
		{A4671D38-D28B-4A17-AF77-C631092A485E}.Debug|Any CPU.Build.0 = Debug|Any CPU
		{A4671D38-D28B-4A17-AF77-C631092A485E}.Release|Any CPU.ActiveCfg = Release|Any CPU
		{A4671D38-D28B-4A17-AF77-C631092A485E}.Release|Any CPU.Build.0 = Release|Any CPU
		{CA4E163B-0685-40C9-BA42-3ED3C4D84DAA}.Debug|Any CPU.ActiveCfg = Debug|Any CPU
		{CA4E163B-0685-40C9-BA42-3ED3C4D84DAA}.Debug|Any CPU.Build.0 = Debug|Any CPU
		{CA4E163B-0685-40C9-BA42-3ED3C4D84DAA}.Release|Any CPU.ActiveCfg = Release|Any CPU
		{CA4E163B-0685-40C9-BA42-3ED3C4D84DAA}.Release|Any CPU.Build.0 = Release|Any CPU
		{6EA0382A-372E-49C3-AB2F-72A28F0F79F9}.Debug|Any CPU.ActiveCfg = Debug|Any CPU
		{6EA0382A-372E-49C3-AB2F-72A28F0F79F9}.Debug|Any CPU.Build.0 = Debug|Any CPU
		{6EA0382A-372E-49C3-AB2F-72A28F0F79F9}.Release|Any CPU.ActiveCfg = Release|Any CPU
		{6EA0382A-372E-49C3-AB2F-72A28F0F79F9}.Release|Any CPU.Build.0 = Release|Any CPU
	EndGlobalSection
	GlobalSection(SolutionProperties) = preSolution
		HideSolutionNode = FALSE
	EndGlobalSection
	GlobalSection(ExtensibilityGlobals) = postSolution
		SolutionGuid = {92452C36-4A2D-42FF-9AE5-B43727BDC4C1}
	EndGlobalSection
EndGlobal
